
Microsoft Visual Studio Solution File, Format Version 12.00
# Visual Studio Version 16
VisualStudioVersion = 16.0.31729.503
MinimumVisualStudioVersion = 10.0.40219.1
Project("{9A19103F-16F7-4668-BE54-9A1E7A4F7556}") = "EssentialTraining", "EssentialTraining\EssentialTraining.csproj", "{26B70892-F4DB-4923-BDA2-9684ED647E7F}"
EndProject
Project("{9A19103F-16F7-4668-BE54-9A1E7A4F7556}") = "EssentialTrainingTests", "EssentialTrainingTests\EssentialTrainingTests.csproj", "{A8A5EFE1-6010-431D-8B39-5891FD733CE0}"
EndProject
Project("{FAE04EC0-301F-11D3-BF4B-00C04F79EFBC}") = "EssentialTrainingApp", "EssentialTrainingApp\EssentialTrainingApp.csproj", "{220D3F9D-15E4-44D1-B463-7BB369726022}"
EndProject
Global
	GlobalSection(SolutionConfigurationPlatforms) = preSolution
		Debug|Any CPU = Debug|Any CPU
		Release|Any CPU = Release|Any CPU
	EndGlobalSection
	GlobalSection(ProjectConfigurationPlatforms) = postSolution
		{26B70892-F4DB-4923-BDA2-9684ED647E7F}.Debug|Any CPU.ActiveCfg = Debug|Any CPU
		{26B70892-F4DB-4923-BDA2-9684ED647E7F}.Debug|Any CPU.Build.0 = Debug|Any CPU
		{26B70892-F4DB-4923-BDA2-9684ED647E7F}.Release|Any CPU.ActiveCfg = Release|Any CPU
		{26B70892-F4DB-4923-BDA2-9684ED647E7F}.Release|Any CPU.Build.0 = Release|Any CPU
		{A8A5EFE1-6010-431D-8B39-5891FD733CE0}.Debug|Any CPU.ActiveCfg = Debug|Any CPU
		{A8A5EFE1-6010-431D-8B39-5891FD733CE0}.Debug|Any CPU.Build.0 = Debug|Any CPU
		{A8A5EFE1-6010-431D-8B39-5891FD733CE0}.Release|Any CPU.ActiveCfg = Release|Any CPU
		{A8A5EFE1-6010-431D-8B39-5891FD733CE0}.Release|Any CPU.Build.0 = Release|Any CPU
		{220D3F9D-15E4-44D1-B463-7BB369726022}.Debug|Any CPU.ActiveCfg = Debug|Any CPU
		{220D3F9D-15E4-44D1-B463-7BB369726022}.Debug|Any CPU.Build.0 = Debug|Any CPU
		{220D3F9D-15E4-44D1-B463-7BB369726022}.Release|Any CPU.ActiveCfg = Release|Any CPU
		{220D3F9D-15E4-44D1-B463-7BB369726022}.Release|Any CPU.Build.0 = Release|Any CPU
	EndGlobalSection
	GlobalSection(SolutionProperties) = preSolution
		HideSolutionNode = FALSE
	EndGlobalSection
	GlobalSection(ExtensibilityGlobals) = postSolution
		SolutionGuid = {0D7BAA1A-9378-406B-9DDC-C28D45CEFAE5}
	EndGlobalSection
EndGlobal
